
Microsoft Visual Studio Solution File, Format Version 12.00
# Visual Studio Version 17
VisualStudioVersion = 17.10.34928.147
MinimumVisualStudioVersion = 10.0.40219.1
Project("{9A19103F-16F7-4668-BE54-9A1E7A4F7556}") = "CldapCore", "CldapCore\CldapCore.csproj", "{859763E1-1B28-4B84-A1B7-65EEE386F04B}"
EndProject
Project("{2150E333-8FDC-42A3-9474-1A3956D46DE8}") = "Solution Items", "Solution Items", "{03A0D6F8-2EB5-4650-BBA6-6100DE3B81FF}"
	ProjectSection(SolutionItems) = preProject
		.editorconfig = .editorconfig
		.gitignore = .gitignore
	EndProjectSection
EndProject
Global
	GlobalSection(SolutionConfigurationPlatforms) = preSolution
		Debug|Any CPU = Debug|Any CPU
		Release|Any CPU = Release|Any CPU
	EndGlobalSection
	GlobalSection(ProjectConfigurationPlatforms) = postSolution
		{859763E1-1B28-4B84-A1B7-65EEE386F04B}.Debug|Any CPU.ActiveCfg = Debug|Any CPU
		{859763E1-1B28-4B84-A1B7-65EEE386F04B}.Debug|Any CPU.Build.0 = Debug|Any CPU
		{859763E1-1B28-4B84-A1B7-65EEE386F04B}.Release|Any CPU.ActiveCfg = Release|Any CPU
		{859763E1-1B28-4B84-A1B7-65EEE386F04B}.Release|Any CPU.Build.0 = Release|Any CPU
	EndGlobalSection
	GlobalSection(SolutionProperties) = preSolution
		HideSolutionNode = FALSE
	EndGlobalSection
	GlobalSection(ExtensibilityGlobals) = postSolution
		SolutionGuid = {5C950EF8-F676-4D72-9EAE-F5D4EFBB82C6}
	EndGlobalSection
EndGlobal
